PODS:
  - audioplayers (0.0.1):
    - Flutter
  - FBAEMKit (12.0.2):
    - FBSDKCoreKit_Basics (= 12.0.2)
  - FBSDKCoreKit (12.0.2):
    - FBAEMKit (= 12.0.2)
    - FBSDKCoreKit_Basics (= 12.0.2)
  - FBSDKCoreKit_Basics (12.0.2)
  - FBSDKShareKit (12.0.2):
    - FBSDKCoreKit (= 12.0.2)
  - Flutter (1.0.0)
  - path_provider_ios (0.0.1):
    - Flutter
  - "permission_handler (5.1.0+2)":
    - Flutter
  - record_mp3 (0.0.1):
    - Flutter
  - share_plus (0.0.1):
    - Flutter
  - shared_preferences_ios (0.0.1):
    - Flutter
  - social_share_plugin (0.3.1):
    - FBSDKCoreKit
    - FBSDKShareKit
    - Flutter
  - url_launcher_ios (0.0.1):
    - Flutter
  - wakelock (0.0.1):
    - Flutter
  - webview_flutter_wkwebview (0.0.1):
    - Flutter

DEPENDENCIES:
  - audioplayers (from `.symlinks/plugins/audioplayers/ios`)
  - Flutter (from `Flutter`)
  - path_provider_ios (from `.symlinks/plugins/path_provider_ios/ios`)
  - permission_handler (from `.symlinks/plugins/permission_handler/ios`)
  - record_mp3 (from `.symlinks/plugins/record_mp3/ios`)
  - share_plus (from `.symlinks/plugins/share_plus/ios`)
  - shared_preferences_ios (from `.symlinks/plugins/shared_preferences_ios/ios`)
  - social_share_plugin (from `.symlinks/plugins/social_share_plugin/ios`)
  - url_launcher_ios (from `.symlinks/plugins/url_launcher_ios/ios`)
  - wakelock (from `.symlinks/plugins/wakelock/ios`)
  - webview_flutter_wkwebview (from `.symlinks/plugins/webview_flutter_wkwebview/ios`)

SPEC REPOS:
  trunk:
    - FBAEMKit
    - FBSDKCoreKit
    - FBSDKCoreKit_Basics
    - FBSDKShareKit

EXTERNAL SOURCES:
  audioplayers:
    :path: ".symlinks/plugins/audioplayers/ios"
  Flutter:
    :path: Flutter
  path_provider_ios:
    :path: ".symlinks/plugins/path_provider_ios/ios"
  permission_handler:
    :path: ".symlinks/plugins/permission_handler/ios"
  record_mp3:
    :path: ".symlinks/plugins/record_mp3/ios"
  share_plus:
    :path: ".symlinks/plugins/share_plus/ios"
  shared_preferences_ios:
    :path: ".symlinks/plugins/shared_preferences_ios/ios"
  social_share_plugin:
    :path: ".symlinks/plugins/social_share_plugin/ios"
  url_launcher_ios:
    :path: ".symlinks/plugins/url_launcher_ios/ios"
  wakelock:
    :path: ".symlinks/plugins/wakelock/ios"
  webview_flutter_wkwebview:
    :path: ".symlinks/plugins/webview_flutter_wkwebview/ios"

SPEC CHECKSUMS:
  audioplayers: 455322b54050b30ea4b1af7cd9e9d105f74efa8c
  FBAEMKit: c6b8ddf8371640fcd1a3b844d0f8884c8f334cea
  FBSDKCoreKit: 506c0fd1c09a3075f62be8fa36bdd921c563daa9
  FBSDKCoreKit_Basics: c0701d1634c944d60dd3c6361d66dbd0e707a456
  FBSDKShareKit: 4598ab1ded1a83635746f8cd681948f97ad29560
  Flutter: 50d75fe2f02b26cc09d224853bb45737f8b3214a
  path_provider_ios: 7d7ce634493af4477d156294792024ec3485acd5
  permission_handler: ccb20a9fad0ee9b1314a52b70b76b473c5f8dab0
  record_mp3: b842d3900f65a0707e4064d9bcfac6323dea0b4f
  share_plus: 056a1e8ac890df3e33cb503afffaf1e9b4fbae68
  shared_preferences_ios: aef470a42dc4675a1cdd50e3158b42e3d1232b32
  social_share_plugin: f9dc03c1137b137e6efb1f3608f449c4cb153a7a
  url_launcher_ios: 839c58cdb4279282219f5e248c3321761ff3c4de
  wakelock: d0fc7c864128eac40eba1617cb5264d9c940b46f
  webview_flutter_wkwebview: 005fbd90c888a42c5690919a1527ecc6649e1162

PODFILE CHECKSUM: 437fca47525073a468be3423abb987c4363c0dd5

COCOAPODS: 1.11.2
